
Microsoft Visual Studio Solution File, Format Version 12.00
# Visual Studio 15
VisualStudioVersion = 15.0.28307.539
MinimumVisualStudioVersion = 10.0.40219.1
Project("{FAE04EC0-301F-11D3-BF4B-00C04F79EFBC}") = "ERP.Android", "ERP\ERP.Android\ERP.Android.csproj", "{3192A5AB-A6F9-43BE-BBAC-BF934957F03C}"
EndProject
Project("{FAE04EC0-301F-11D3-BF4B-00C04F79EFBC}") = "ERP.iOS", "ERP\ERP.iOS\ERP.iOS.csproj", "{296779AE-EB74-49F1-B254-2CC78520BD6F}"
EndProject
Project("{FAE04EC0-301F-11D3-BF4B-00C04F79EFBC}") = "ERP", "ERP\ERP\ERP.csproj", "{E964C94D-5A46-4D13-99EF-7A75F1ECC448}"
EndProject
Global
	GlobalSection(SolutionConfigurationPlatforms) = preSolution
		Ad-Hoc|Any CPU = Ad-Hoc|Any CPU
		Ad-Hoc|iPhone = Ad-Hoc|iPhone
		Ad-Hoc|iPhoneSimulator = Ad-Hoc|iPhoneSimulator
		AppStore|Any CPU = AppStore|Any CPU
		AppStore|iPhone = AppStore|iPhone
		AppStore|iPhoneSimulator = AppStore|iPhoneSimulator
		Debug|Any CPU = Debug|Any CPU
		Debug|iPhone = Debug|iPhone
		Debug|iPhoneSimulator = Debug|iPhoneSimulator
		Release|Any CPU = Release|Any CPU
		Release|iPhone = Release|iPhone
		Release|iPhoneSimulator = Release|iPhoneSimulator
	EndGlobalSection
	GlobalSection(ProjectConfigurationPlatforms) = postSolution
		{3192A5AB-A6F9-43BE-BBAC-BF934957F03C}.Ad-Hoc|Any CPU.ActiveCfg = Release|Any CPU
		{3192A5AB-A6F9-43BE-BBAC-BF934957F03C}.Ad-Hoc|Any CPU.Build.0 = Release|Any CPU
		{3192A5AB-A6F9-43BE-BBAC-BF934957F03C}.Ad-Hoc|Any CPU.Deploy.0 = Release|Any CPU
		{3192A5AB-A6F9-43BE-BBAC-BF934957F03C}.Ad-Hoc|iPhone.ActiveCfg = Release|Any CPU
		{3192A5AB-A6F9-43BE-BBAC-BF934957F03C}.Ad-Hoc|iPhone.Build.0 = Release|Any CPU
		{3192A5AB-A6F9-43BE-BBAC-BF934957F03C}.Ad-Hoc|iPhone.Deploy.0 = Release|Any CPU
		{3192A5AB-A6F9-43BE-BBAC-BF934957F03C}.Ad-Hoc|iPhoneSimulator.ActiveCfg = Release|Any CPU
		{3192A5AB-A6F9-43BE-BBAC-BF934957F03C}.Ad-Hoc|iPhoneSimulator.Build.0 = Release|Any CPU
		{3192A5AB-A6F9-43BE-BBAC-BF934957F03C}.Ad-Hoc|iPhoneSimulator.Deploy.0 = Release|Any CPU
		{3192A5AB-A6F9-43BE-BBAC-BF934957F03C}.AppStore|Any CPU.ActiveCfg = Release|Any CPU
		{3192A5AB-A6F9-43BE-BBAC-BF934957F03C}.AppStore|Any CPU.Build.0 = Release|Any CPU
		{3192A5AB-A6F9-43BE-BBAC-BF934957F03C}.AppStore|Any CPU.Deploy.0 = Release|Any CPU
		{3192A5AB-A6F9-43BE-BBAC-BF934957F03C}.AppStore|iPhone.ActiveCfg = Release|Any CPU
		{3192A5AB-A6F9-43BE-BBAC-BF934957F03C}.AppStore|iPhone.Build.0 = Release|Any CPU
		{3192A5AB-A6F9-43BE-BBAC-BF934957F03C}.AppStore|iPhone.Deploy.0 = Release|Any CPU
		{3192A5AB-A6F9-43BE-BBAC-BF934957F03C}.AppStore|iPhoneSimulator.ActiveCfg = Release|Any CPU
		{3192A5AB-A6F9-43BE-BBAC-BF934957F03C}.AppStore|iPhoneSimulator.Build.0 = Release|Any CPU
		{3192A5AB-A6F9-43BE-BBAC-BF934957F03C}.AppStore|iPhoneSimulator.Deploy.0 = Release|Any CPU
		{3192A5AB-A6F9-43BE-BBAC-BF934957F03C}.Debug|Any CPU.ActiveCfg = Debug|Any CPU
		{3192A5AB-A6F9-43BE-BBAC-BF934957F03C}.Debug|Any CPU.Build.0 = Debug|Any CPU
		{3192A5AB-A6F9-43BE-BBAC-BF934957F03C}.Debug|Any CPU.Deploy.0 = Debug|Any CPU
		{3192A5AB-A6F9-43BE-BBAC-BF934957F03C}.Debug|iPhone.ActiveCfg = Debug|Any CPU
		{3192A5AB-A6F9-43BE-BBAC-BF934957F03C}.Debug|iPhone.Build.0 = Debug|Any CPU
		{3192A5AB-A6F9-43BE-BBAC-BF934957F03C}.Debug|iPhone.Deploy.0 = Debug|Any CPU
		{3192A5AB-A6F9-43BE-BBAC-BF934957F03C}.Debug|iPhoneSimulator.ActiveCfg = Debug|Any CPU
		{3192A5AB-A6F9-43BE-BBAC-BF934957F03C}.Debug|iPhoneSimulator.Build.0 = Debug|Any CPU
		{3192A5AB-A6F9-43BE-BBAC-BF934957F03C}.Debug|iPhoneSimulator.Deploy.0 = Debug|Any CPU
		{3192A5AB-A6F9-43BE-BBAC-BF934957F03C}.Release|Any CPU.ActiveCfg = Release|Any CPU
		{3192A5AB-A6F9-43BE-BBAC-BF934957F03C}.Release|Any CPU.Build.0 = Release|Any CPU
		{3192A5AB-A6F9-43BE-BBAC-BF934957F03C}.Release|Any CPU.Deploy.0 = Release|Any CPU
		{3192A5AB-A6F9-43BE-BBAC-BF934957F03C}.Release|iPhone.ActiveCfg = Release|Any CPU
		{3192A5AB-A6F9-43BE-BBAC-BF934957F03C}.Release|iPhone.Build.0 = Release|Any CPU
		{3192A5AB-A6F9-43BE-BBAC-BF934957F03C}.Release|iPhone.Deploy.0 = Release|Any CPU
		{3192A5AB-A6F9-43BE-BBAC-BF934957F03C}.Release|iPhoneSimulator.ActiveCfg = Release|Any CPU
		{3192A5AB-A6F9-43BE-BBAC-BF934957F03C}.Release|iPhoneSimulator.Build.0 = Release|Any CPU
		{3192A5AB-A6F9-43BE-BBAC-BF934957F03C}.Release|iPhoneSimulator.Deploy.0 = Release|Any CPU
		{296779AE-EB74-49F1-B254-2CC78520BD6F}.Ad-Hoc|Any CPU.ActiveCfg = Ad-Hoc|iPhone
		{296779AE-EB74-49F1-B254-2CC78520BD6F}.Ad-Hoc|Any CPU.Build.0 = Ad-Hoc|iPhone
		{296779AE-EB74-49F1-B254-2CC78520BD6F}.Ad-Hoc|Any CPU.Deploy.0 = Ad-Hoc|iPhone
		{296779AE-EB74-49F1-B254-2CC78520BD6F}.Ad-Hoc|iPhone.ActiveCfg = Ad-Hoc|iPhone
		{296779AE-EB74-49F1-B254-2CC78520BD6F}.Ad-Hoc|iPhone.Build.0 = Ad-Hoc|iPhone
		{296779AE-EB74-49F1-B254-2CC78520BD6F}.Ad-Hoc|iPhone.Deploy.0 = Ad-Hoc|iPhone
		{296779AE-EB74-49F1-B254-2CC78520BD6F}.Ad-Hoc|iPhoneSimulator.ActiveCfg = Ad-Hoc|iPhoneSimulator
		{296779AE-EB74-49F1-B254-2CC78520BD6F}.Ad-Hoc|iPhoneSimulator.Build.0 = Ad-Hoc|iPhoneSimulator
		{296779AE-EB74-49F1-B254-2CC78520BD6F}.Ad-Hoc|iPhoneSimulator.Deploy.0 = Ad-Hoc|iPhoneSimulator
		{296779AE-EB74-49F1-B254-2CC78520BD6F}.AppStore|Any CPU.ActiveCfg = AppStore|iPhone
		{296779AE-EB74-49F1-B254-2CC78520BD6F}.AppStore|Any CPU.Build.0 = AppStore|iPhone
		{296779AE-EB74-49F1-B254-2CC78520BD6F}.AppStore|Any CPU.Deploy.0 = AppStore|iPhone
		{296779AE-EB74-49F1-B254-2CC78520BD6F}.AppStore|iPhone.ActiveCfg = AppStore|iPhone
		{296779AE-EB74-49F1-B254-2CC78520BD6F}.AppStore|iPhone.Build.0 = AppStore|iPhone
		{296779AE-EB74-49F1-B254-2CC78520BD6F}.AppStore|iPhone.Deploy.0 = AppStore|iPhone
		{296779AE-EB74-49F1-B254-2CC78520BD6F}.AppStore|iPhoneSimulator.ActiveCfg = AppStore|iPhoneSimulator
		{296779AE-EB74-49F1-B254-2CC78520BD6F}.AppStore|iPhoneSimulator.Build.0 = AppStore|iPhoneSimulator
		{296779AE-EB74-49F1-B254-2CC78520BD6F}.AppStore|iPhoneSimulator.Deploy.0 = AppStore|iPhoneSimulator
		{296779AE-EB74-49F1-B254-2CC78520BD6F}.Debug|Any CPU.ActiveCfg = Debug|iPhoneSimulator
		{296779AE-EB74-49F1-B254-2CC78520BD6F}.Debug|Any CPU.Build.0 = Debug|iPhoneSimulator
		{296779AE-EB74-49F1-B254-2CC78520BD6F}.Debug|Any CPU.Deploy.0 = Debug|iPhoneSimulator
		{296779AE-EB74-49F1-B254-2CC78520BD6F}.Debug|iPhone.ActiveCfg = Debug|iPhone
		{296779AE-EB74-49F1-B254-2CC78520BD6F}.Debug|iPhone.Build.0 = Debug|iPhone
		{296779AE-EB74-49F1-B254-2CC78520BD6F}.Debug|iPhone.Deploy.0 = Debug|iPhone
		{296779AE-EB74-49F1-B254-2CC78520BD6F}.Debug|iPhoneSimulator.ActiveCfg = Debug|iPhoneSimulator
		{296779AE-EB74-49F1-B254-2CC78520BD6F}.Debug|iPhoneSimulator.Build.0 = Debug|iPhoneSimulator
		{296779AE-EB74-49F1-B254-2CC78520BD6F}.Debug|iPhoneSimulator.Deploy.0 = Debug|iPhoneSimulator
		{296779AE-EB74-49F1-B254-2CC78520BD6F}.Release|Any CPU.ActiveCfg = Release|iPhone
		{296779AE-EB74-49F1-B254-2CC78520BD6F}.Release|Any CPU.Build.0 = Release|iPhone
		{296779AE-EB74-49F1-B254-2CC78520BD6F}.Release|Any CPU.Deploy.0 = Release|iPhone
		{296779AE-EB74-49F1-B254-2CC78520BD6F}.Release|iPhone.ActiveCfg = Release|iPhone
		{296779AE-EB74-49F1-B254-2CC78520BD6F}.Release|iPhone.Build.0 = Release|iPhone
		{296779AE-EB74-49F1-B254-2CC78520BD6F}.Release|iPhone.Deploy.0 = Release|iPhone
		{296779AE-EB74-49F1-B254-2CC78520BD6F}.Release|iPhoneSimulator.ActiveCfg = Release|iPhoneSimulator
		{296779AE-EB74-49F1-B254-2CC78520BD6F}.Release|iPhoneSimulator.Build.0 = Release|iPhoneSimulator
		{296779AE-EB74-49F1-B254-2CC78520BD6F}.Release|iPhoneSimulator.Deploy.0 = Release|iPhoneSimulator
		{E964C94D-5A46-4D13-99EF-7A75F1ECC448}.Ad-Hoc|Any CPU.ActiveCfg = Debug|Any CPU
		{E964C94D-5A46-4D13-99EF-7A75F1ECC448}.Ad-Hoc|Any CPU.Build.0 = Debug|Any CPU
		{E964C94D-5A46-4D13-99EF-7A75F1ECC448}.Ad-Hoc|Any CPU.Deploy.0 = Debug|Any CPU
		{E964C94D-5A46-4D13-99EF-7A75F1ECC448}.Ad-Hoc|iPhone.ActiveCfg = Debug|Any CPU
		{E964C94D-5A46-4D13-99EF-7A75F1ECC448}.Ad-Hoc|iPhone.Build.0 = Debug|Any CPU
		{E964C94D-5A46-4D13-99EF-7A75F1ECC448}.Ad-Hoc|iPhone.Deploy.0 = Debug|Any CPU
		{E964C94D-5A46-4D13-99EF-7A75F1ECC448}.Ad-Hoc|iPhoneSimulator.ActiveCfg = Debug|Any CPU
		{E964C94D-5A46-4D13-99EF-7A75F1ECC448}.Ad-Hoc|iPhoneSimulator.Build.0 = Debug|Any CPU
		{E964C94D-5A46-4D13-99EF-7A75F1ECC448}.Ad-Hoc|iPhoneSimulator.Deploy.0 = Debug|Any CPU
		{E964C94D-5A46-4D13-99EF-7A75F1ECC448}.AppStore|Any CPU.ActiveCfg = Debug|Any CPU
		{E964C94D-5A46-4D13-99EF-7A75F1ECC448}.AppStore|Any CPU.Build.0 = Debug|Any CPU
		{E964C94D-5A46-4D13-99EF-7A75F1ECC448}.AppStore|Any CPU.Deploy.0 = Debug|Any CPU
		{E964C94D-5A46-4D13-99EF-7A75F1ECC448}.AppStore|iPhone.ActiveCfg = Debug|Any CPU
		{E964C94D-5A46-4D13-99EF-7A75F1ECC448}.AppStore|iPhone.Build.0 = Debug|Any CPU
		{E964C94D-5A46-4D13-99EF-7A75F1ECC448}.AppStore|iPhone.Deploy.0 = Debug|Any CPU
		{E964C94D-5A46-4D13-99EF-7A75F1ECC448}.AppStore|iPhoneSimulator.ActiveCfg = Debug|Any CPU
		{E964C94D-5A46-4D13-99EF-7A75F1ECC448}.AppStore|iPhoneSimulator.Build.0 = Debug|Any CPU
		{E964C94D-5A46-4D13-99EF-7A75F1ECC448}.AppStore|iPhoneSimulator.Deploy.0 = Debug|Any CPU
		{E964C94D-5A46-4D13-99EF-7A75F1ECC448}.Debug|Any CPU.ActiveCfg = Debug|Any CPU
		{E964C94D-5A46-4D13-99EF-7A75F1ECC448}.Debug|Any CPU.Build.0 = Debug|Any CPU
		{E964C94D-5A46-4D13-99EF-7A75F1ECC448}.Debug|Any CPU.Deploy.0 = Debug|Any CPU
		{E964C94D-5A46-4D13-99EF-7A75F1ECC448}.Debug|iPhone.ActiveCfg = Debug|Any CPU
		{E964C94D-5A46-4D13-99EF-7A75F1ECC448}.Debug|iPhone.Build.0 = Debug|Any CPU
		{E964C94D-5A46-4D13-99EF-7A75F1ECC448}.Debug|iPhone.Deploy.0 = Debug|Any CPU
		{E964C94D-5A46-4D13-99EF-7A75F1ECC448}.Debug|iPhoneSimulator.ActiveCfg = Debug|Any CPU
		{E964C94D-5A46-4D13-99EF-7A75F1ECC448}.Debug|iPhoneSimulator.Build.0 = Debug|Any CPU
		{E964C94D-5A46-4D13-99EF-7A75F1ECC448}.Debug|iPhoneSimulator.Deploy.0 = Debug|Any CPU
		{E964C94D-5A46-4D13-99EF-7A75F1ECC448}.Release|Any CPU.ActiveCfg = Release|Any CPU
		{E964C94D-5A46-4D13-99EF-7A75F1ECC448}.Release|Any CPU.Build.0 = Release|Any CPU
		{E964C94D-5A46-4D13-99EF-7A75F1ECC448}.Release|Any CPU.Deploy.0 = Release|Any CPU
		{E964C94D-5A46-4D13-99EF-7A75F1ECC448}.Release|iPhone.ActiveCfg = Release|Any CPU
		{E964C94D-5A46-4D13-99EF-7A75F1ECC448}.Release|iPhone.Build.0 = Release|Any CPU
		{E964C94D-5A46-4D13-99EF-7A75F1ECC448}.Release|iPhone.Deploy.0 = Release|Any CPU
		{E964C94D-5A46-4D13-99EF-7A75F1ECC448}.Release|iPhoneSimulator.ActiveCfg = Release|Any CPU
		{E964C94D-5A46-4D13-99EF-7A75F1ECC448}.Release|iPhoneSimulator.Build.0 = Release|Any CPU
		{E964C94D-5A46-4D13-99EF-7A75F1ECC448}.Release|iPhoneSimulator.Deploy.0 = Release|Any CPU
	EndGlobalSection
	GlobalSection(SolutionProperties) = preSolution
		HideSolutionNode = FALSE
	EndGlobalSection
	GlobalSection(ExtensibilityGlobals) = postSolution
		SolutionGuid = {C88A8DA9-7DBA-46A3-831A-ACFC68BC921D}
	EndGlobalSection
EndGlobal
